
Microsoft Visual Studio Solution File, Format Version 12.00
# Visual Studio Version 17
VisualStudioVersion = 17.5.33530.505
MinimumVisualStudioVersion = 10.0.40219.1
Project("{FAE04EC0-301F-11D3-BF4B-00C04F79EFBC}") = "TangyWeb_Server", "TangyWeb_Server\TangyWeb_Server.csproj", "{242BA746-ABD2-4D4B-A7BF-7826405CE504}"
EndProject
Global
	GlobalSection(SolutionConfigurationPlatforms) = preSolution
		Debug|Any CPU = Debug|Any CPU
		Release|Any CPU = Release|Any CPU
	EndGlobalSection
	GlobalSection(ProjectConfigurationPlatforms) = postSolution
		{242BA746-ABD2-4D4B-A7BF-7826405CE504}.Debug|Any CPU.ActiveCfg = Debug|Any CPU
		{242BA746-ABD2-4D4B-A7BF-7826405CE504}.Debug|Any CPU.Build.0 = Debug|Any CPU
		{242BA746-ABD2-4D4B-A7BF-7826405CE504}.Release|Any CPU.ActiveCfg = Release|Any CPU
		{242BA746-ABD2-4D4B-A7BF-7826405CE504}.Release|Any CPU.Build.0 = Release|Any CPU
	EndGlobalSection
	GlobalSection(SolutionProperties) = preSolution
		HideSolutionNode = FALSE
	EndGlobalSection
	GlobalSection(ExtensibilityGlobals) = postSolution
		SolutionGuid = {B442AF6D-9DA9-4E1B-BF66-48DEF1963DCD}
	EndGlobalSection
EndGlobal
